
Microsoft Visual Studio Solution File, Format Version 12.00
# Visual Studio 15
VisualStudioVersion = 15.0.28307.329
MinimumVisualStudioVersion = 10.0.40219.1
Project("{FAE04EC0-301F-11D3-BF4B-00C04F79EFBC}") = "Translator", "Translator\Translator.csproj", "{EFE08BF9-5130-406C-ABA8-7BA9673F0A04}"
EndProject
Project("{FAE04EC0-301F-11D3-BF4B-00C04F79EFBC}") = "Translator.Tests", "Translator.Tests\Translator.Tests.csproj", "{3953C648-D6AD-49DD-BA0F-7E1BAEBB7033}"
EndProject
Project("{FAE04EC0-301F-11D3-BF4B-00C04F79EFBC}") = "Translator.Application", "Translator.Application\Translator.Application.csproj", "{5334335E-0F07-420C-9678-5CE58FF67EA8}"
EndProject
Project("{FAE04EC0-301F-11D3-BF4B-00C04F79EFBC}") = "Translator.Infrastructure", "Translator.Infrastructure\Translator.Infrastructure.csproj", "{543FE469-A059-4F98-8C2A-5D50A0FD371F}"
EndProject
Global
	GlobalSection(SolutionConfigurationPlatforms) = preSolution
		Debug|Any CPU = Debug|Any CPU
		Release|Any CPU = Release|Any CPU
	EndGlobalSection
	GlobalSection(ProjectConfigurationPlatforms) = postSolution
		{EFE08BF9-5130-406C-ABA8-7BA9673F0A04}.Debug|Any CPU.ActiveCfg = Debug|Any CPU
		{EFE08BF9-5130-406C-ABA8-7BA9673F0A04}.Debug|Any CPU.Build.0 = Debug|Any CPU
		{EFE08BF9-5130-406C-ABA8-7BA9673F0A04}.Release|Any CPU.ActiveCfg = Release|Any CPU
		{EFE08BF9-5130-406C-ABA8-7BA9673F0A04}.Release|Any CPU.Build.0 = Release|Any CPU
		{3953C648-D6AD-49DD-BA0F-7E1BAEBB7033}.Debug|Any CPU.ActiveCfg = Debug|Any CPU
		{3953C648-D6AD-49DD-BA0F-7E1BAEBB7033}.Debug|Any CPU.Build.0 = Debug|Any CPU
		{3953C648-D6AD-49DD-BA0F-7E1BAEBB7033}.Release|Any CPU.ActiveCfg = Release|Any CPU
		{3953C648-D6AD-49DD-BA0F-7E1BAEBB7033}.Release|Any CPU.Build.0 = Release|Any CPU
		{5334335E-0F07-420C-9678-5CE58FF67EA8}.Debug|Any CPU.ActiveCfg = Debug|Any CPU
		{5334335E-0F07-420C-9678-5CE58FF67EA8}.Debug|Any CPU.Build.0 = Debug|Any CPU
		{5334335E-0F07-420C-9678-5CE58FF67EA8}.Release|Any CPU.ActiveCfg = Release|Any CPU
		{5334335E-0F07-420C-9678-5CE58FF67EA8}.Release|Any CPU.Build.0 = Release|Any CPU
		{543FE469-A059-4F98-8C2A-5D50A0FD371F}.Debug|Any CPU.ActiveCfg = Debug|Any CPU
		{543FE469-A059-4F98-8C2A-5D50A0FD371F}.Debug|Any CPU.Build.0 = Debug|Any CPU
		{543FE469-A059-4F98-8C2A-5D50A0FD371F}.Release|Any CPU.ActiveCfg = Release|Any CPU
		{543FE469-A059-4F98-8C2A-5D50A0FD371F}.Release|Any CPU.Build.0 = Release|Any CPU
	EndGlobalSection
	GlobalSection(SolutionProperties) = preSolution
		HideSolutionNode = FALSE
	EndGlobalSection
	GlobalSection(ExtensibilityGlobals) = postSolution
		SolutionGuid = {0C16CD05-0478-4478-9034-B522031600C4}
	EndGlobalSection
EndGlobal
